
Microsoft Visual Studio Solution File, Format Version 12.00
# Visual Studio Version 16
VisualStudioVersion = 16.0.30804.86
MinimumVisualStudioVersion = 10.0.40219.1
Project("{9A19103F-16F7-4668-BE54-9A1E7A4F7556}") = "StoreAppNG", "StoreAppNG\StoreAppNG.csproj", "{5F8E4669-BCCC-433D-AE5E-D43BD19D7F37}"
EndProject
Project("{9A19103F-16F7-4668-BE54-9A1E7A4F7556}") = "StoreApp.BusinessLogic", "StoreApp.BusinessLogic\StoreApp.BusinessLogic.csproj", "{5B534B0F-D671-466D-B53E-94E9B38BBE57}"
EndProject
Project("{FAE04EC0-301F-11D3-BF4B-00C04F79EFBC}") = "StoreApp.DataAccess", "StoreApp.DataAccess\StoreApp.DataAccess.csproj", "{D6CA6162-4F4C-46E7-A4A6-81E5D0619EAC}"
EndProject
Global
	GlobalSection(SolutionConfigurationPlatforms) = preSolution
		Debug|Any CPU = Debug|Any CPU
		Release|Any CPU = Release|Any CPU
	EndGlobalSection
	GlobalSection(ProjectConfigurationPlatforms) = postSolution
		{5F8E4669-BCCC-433D-AE5E-D43BD19D7F37}.Debug|Any CPU.ActiveCfg = Debug|Any CPU
		{5F8E4669-BCCC-433D-AE5E-D43BD19D7F37}.Debug|Any CPU.Build.0 = Debug|Any CPU
		{5F8E4669-BCCC-433D-AE5E-D43BD19D7F37}.Release|Any CPU.ActiveCfg = Release|Any CPU
		{5F8E4669-BCCC-433D-AE5E-D43BD19D7F37}.Release|Any CPU.Build.0 = Release|Any CPU
		{5B534B0F-D671-466D-B53E-94E9B38BBE57}.Debug|Any CPU.ActiveCfg = Debug|Any CPU
		{5B534B0F-D671-466D-B53E-94E9B38BBE57}.Debug|Any CPU.Build.0 = Debug|Any CPU
		{5B534B0F-D671-466D-B53E-94E9B38BBE57}.Release|Any CPU.ActiveCfg = Release|Any CPU
		{5B534B0F-D671-466D-B53E-94E9B38BBE57}.Release|Any CPU.Build.0 = Release|Any CPU
		{D6CA6162-4F4C-46E7-A4A6-81E5D0619EAC}.Debug|Any CPU.ActiveCfg = Debug|Any CPU
		{D6CA6162-4F4C-46E7-A4A6-81E5D0619EAC}.Debug|Any CPU.Build.0 = Debug|Any CPU
		{D6CA6162-4F4C-46E7-A4A6-81E5D0619EAC}.Release|Any CPU.ActiveCfg = Release|Any CPU
		{D6CA6162-4F4C-46E7-A4A6-81E5D0619EAC}.Release|Any CPU.Build.0 = Release|Any CPU
	EndGlobalSection
	GlobalSection(SolutionProperties) = preSolution
		HideSolutionNode = FALSE
	EndGlobalSection
	GlobalSection(ExtensibilityGlobals) = postSolution
		SolutionGuid = {834040CA-31B2-47CE-A2E9-FF198C0E924C}
	EndGlobalSection
EndGlobal
